{
  "name": "vue-dom-observe",
  "version": "1.0.0",
  "lockfileVersion": 1,
  "requires": true,
  "dependencies": {
    "@types/estree": {
      "version": "0.0.39",
      "resolved": "http://npm.zmops.cc/@types%2festree/-/estree-0.0.39.tgz",
      "integrity": "sha1-4Xfmme4bjCLSMXTKqnQiZEOJUJ8=",
      "dev": true
    },
    "@types/node": {
      "version": "12.7.12",
      "resolved": "http://npm.zmops.cc/@types%2fnode/-/node-12.7.12.tgz",
      "integrity": "sha1-fGxXHMLz86xKWaXyvUj1vbyGU8w=",
      "dev": true
    },
    "acorn": {
      "version": "7.1.0",
      "resolved": "http://npm.zmops.cc/acorn/-/acorn-7.1.0.tgz",
      "integrity": "sha1-lJ028sKSU12mAig1hsJHfFfrLWw=",
      "dev": true
    },
    "commondir": {
      "version": "1.0.1",
      "resolved": "http://npm.zmops.cc/commondir/-/commondir-1.0.1.tgz",
      "integrity": "sha1-3dgA2gxmEnOTzKWVDqloo6rxJTs=",
      "dev": true
    },
    "estree-walker": {
      "version": "0.6.1",
      "resolved": "http://npm.zmops.cc/estree-walker/-/estree-walker-0.6.1.tgz",
      "integrity": "sha1-UwSRQ/QMbrkYsjZx0f4yGfOhs2I=",
      "dev": true
    },
    "find-cache-dir": {
      "version": "3.0.0",
      "resolved": "http://npm.zmops.cc/find-cache-dir/-/find-cache-dir-3.0.0.tgz",
      "integrity": "sha1-zUt92Xtxhbfhfb/i1uQRXuPuuPw=",
      "dev": true,
      "requires": {
        "commondir": "^1.0.1",
        "make-dir": "^3.0.0",
        "pkg-dir": "^4.1.0"
      }
    },
    "find-up": {
      "version": "4.1.0",
      "resolved": "http://npm.zmops.cc/find-up/-/find-up-4.1.0.tgz",
      "integrity": "sha1-l6/n1s3AvFkoWEt8jXsW6KmqXRk=",
      "dev": true,
      "requires": {
        "locate-path": "^5.0.0",
        "path-exists": "^4.0.0"
      }
    },
    "fs-extra": {
      "version": "8.1.0",
      "resolved": "http://npm.zmops.cc/fs-extra/-/fs-extra-8.1.0.tgz",
      "integrity": "sha1-SdQ8RaiM2Wd2aMt74bRu/bjS4cA=",
      "dev": true,
      "requires": {
        "graceful-fs": "^4.2.0",
        "jsonfile": "^4.0.0",
        "universalify": "^0.1.0"
      }
    },
    "graceful-fs": {
      "version": "4.2.2",
      "resolved": "http://npm.zmops.cc/graceful-fs/-/graceful-fs-4.2.2.tgz",
      "integrity": "sha1-bwlSYF0BQMHP2xOO0AV3W5LWewI=",
      "dev": true
    },
    "jsonfile": {
      "version": "4.0.0",
      "resolved": "http://npm.zmops.cc/jsonfile/-/jsonfile-4.0.0.tgz",
      "integrity": "sha1-h3Gq4HmbZAdrdmQPygWPnBDjPss=",
      "dev": true,
      "requires": {
        "graceful-fs": "^4.1.6"
      }
    },
    "locate-path": {
      "version": "5.0.0",
      "resolved": "http://npm.zmops.cc/locate-path/-/locate-path-5.0.0.tgz",
      "integrity": "sha1-Gvujlq/WdqbUJQTQpno6frn2KqA=",
      "dev": true,
      "requires": {
        "p-locate": "^4.1.0"
      }
    },
    "make-dir": {
      "version": "3.0.0",
      "resolved": "http://npm.zmops.cc/make-dir/-/make-dir-3.0.0.tgz",
      "integrity": "sha1-G1859rknDtM/nwVMXA+EMEmJ+AE=",
      "dev": true,
      "requires": {
        "semver": "^6.0.0"
      }
    },
    "p-limit": {
      "version": "2.2.1",
      "resolved": "http://npm.zmops.cc/p-limit/-/p-limit-2.2.1.tgz",
      "integrity": "sha1-qgeniMwxUck5tRMfY1cPDdIAlTc=",
      "dev": true,
      "requires": {
        "p-try": "^2.0.0"
      }
    },
    "p-locate": {
      "version": "4.1.0",
      "resolved": "http://npm.zmops.cc/p-locate/-/p-locate-4.1.0.tgz",
      "integrity": "sha1-o0KLtwiLOmApL2aRkni3wpetTwc=",
      "dev": true,
      "requires": {
        "p-limit": "^2.2.0"
      }
    },
    "p-try": {
      "version": "2.2.0",
      "resolved": "http://npm.zmops.cc/p-try/-/p-try-2.2.0.tgz",
      "integrity": "sha1-yyhoVA4xPWHeWPr741zpAE1VQOY=",
      "dev": true
    },
    "path-exists": {
      "version": "4.0.0",
      "resolved": "http://npm.zmops.cc/path-exists/-/path-exists-4.0.0.tgz",
      "integrity": "sha1-UTvb4tO5XXdi6METfvoZXGxhtbM=",
      "dev": true
    },
    "path-parse": {
      "version": "1.0.6",
      "resolved": "http://npm.zmops.cc/path-parse/-/path-parse-1.0.6.tgz",
      "integrity": "sha1-1i27VnlAXXLEc37FhgDp3c8G0kw=",
      "dev": true
    },
    "pkg-dir": {
      "version": "4.2.0",
      "resolved": "http://npm.zmops.cc/pkg-dir/-/pkg-dir-4.2.0.tgz",
      "integrity": "sha1-8JkTPfft5CLoHR2ESCcO6z5CYfM=",
      "dev": true,
      "requires": {
        "find-up": "^4.0.0"
      }
    },
    "resize-observer-polyfill": {
      "version": "1.5.1",
      "resolved": "http://npm.zmops.cc/resize-observer-polyfill/-/resize-observer-polyfill-1.5.1.tgz",
      "integrity": "sha1-DpAg3T0hAkRY1OvSfiPkAmmBBGQ="
    },
    "resolve": {
      "version": "1.12.0",
      "resolved": "http://npm.zmops.cc/resolve/-/resolve-1.12.0.tgz",
      "integrity": "sha1-P8ZEo1yEpIVUYJ/ybsUrZvpXffY=",
      "dev": true,
      "requires": {
        "path-parse": "^1.0.6"
      }
    },
    "rollup": {
      "version": "1.23.1",
      "resolved": "http://npm.zmops.cc/rollup/-/rollup-1.23.1.tgz",
      "integrity": "sha1-AxWg9dDfsFbmNj4d/wW4msLaa44=",
      "dev": true,
      "requires": {
        "@types/estree": "*",
        "@types/node": "*",
        "acorn": "^7.1.0"
      }
    },
    "rollup-plugin-typescript": {
      "version": "1.0.1",
      "resolved": "http://npm.zmops.cc/rollup-plugin-typescript/-/rollup-plugin-typescript-1.0.1.tgz",
      "integrity": "sha1-hlZQM7cUw9Hzq6UQqtPcUZ9wkek=",
      "dev": true,
      "requires": {
        "resolve": "^1.10.0",
        "rollup-pluginutils": "^2.5.0"
      }
    },
    "rollup-plugin-typescript2": {
      "version": "0.24.3",
      "resolved": "http://npm.zmops.cc/rollup-plugin-typescript2/-/rollup-plugin-typescript2-0.24.3.tgz",
      "integrity": "sha1-J2+jOp1YTVANpi0+VAAwf0pGvfI=",
      "dev": true,
      "requires": {
        "find-cache-dir": "^3.0.0",
        "fs-extra": "8.1.0",
        "resolve": "1.12.0",
        "rollup-pluginutils": "2.8.1",
        "tslib": "1.10.0"
      },
      "dependencies": {
        "rollup-pluginutils": {
          "version": "2.8.1",
          "resolved": "http://npm.zmops.cc/rollup-pluginutils/-/rollup-pluginutils-2.8.1.tgz",
          "integrity": "sha1-j6bdBpc0STjvJsLAnSSIzp4zzpc=",
          "dev": true,
          "requires": {
            "estree-walker": "^0.6.1"
          }
        }
      }
    },
    "rollup-pluginutils": {
      "version": "2.8.2",
      "resolved": "http://npm.zmops.cc/rollup-pluginutils/-/rollup-pluginutils-2.8.2.tgz",
      "integrity": "sha1-cvKvB0i1kjZNvTOJ5gDlqURKNR4=",
      "dev": true,
      "requires": {
        "estree-walker": "^0.6.1"
      }
    },
    "semver": {
      "version": "6.3.0",
      "resolved": "http://npm.zmops.cc/semver/-/semver-6.3.0.tgz",
      "integrity": "sha1-7gpkyK9ejO6mdoexM3YeG+y9HT0=",
      "dev": true
    },
    "tslib": {
      "version": "1.10.0",
      "resolved": "http://npm.zmops.cc/tslib/-/tslib-1.10.0.tgz",
      "integrity": "sha1-w8GflZc/sKYpc/sJ2Q2WHuQ+XIo=",
      "dev": true
    },
    "typescript": {
      "version": "3.6.4",
      "resolved": "http://npm.zmops.cc/typescript/-/typescript-3.6.4.tgz",
      "integrity": "sha1-sYdSuzeSvBoCgTNff26/G7/FuR0=",
      "dev": true
    },
    "universalify": {
      "version": "0.1.2",
      "resolved": "http://npm.zmops.cc/universalify/-/universalify-0.1.2.tgz",
      "integrity": "sha1-tkb2m+OULavOzJ1mOcgNwQXvqmY=",
      "dev": true
    },
    "vue": {
      "version": "2.6.10",
      "resolved": "http://npm.zmops.cc/vue/-/vue-2.6.10.tgz",
      "integrity": "sha1-pysaQqTYKnIepDjRtr9V5mGVxjc=",
      "dev": true
    }
  }
}
